// !$*UTF8*$!
{
	archiveVersion = 1;
	classes = {
	};
	objectVersion = 48;
	objects = {

/* Begin PBXBuildFile section */
		B3D72DA5200B925500CBDB34 /* AppDelegate.swift in Sources */ = {isa = PBXBuildFile; fileRef = B3D72DA4200B925500CBDB34 /* AppDelegate.swift */; };
		B3D72DA7200B925500CBDB34 /* ViewController.swift in Sources */ = {isa = PBXBuildFile; fileRef = B3D72DA6200B925500CBDB34 /* ViewController.swift */; };
		B3D72DAA200B925500CBDB34 /* Main.storyboard in Resources */ = {isa = PBXBuildFile; fileRef = B3D72DA8200B925500CBDB34 /* Main.storyboard */; };
		B3D72DAC200B925500CBDB34 /* Assets.xcassets in Resources */ = {isa = PBXBuildFile; fileRef = B3D72DAB200B925500CBDB34 /* Assets.xcassets */; };
		B3D72DAF200B925500CBDB34 /* LaunchScreen.storyboard in Resources */ = {isa = PBXBuildFile; fileRef = B3D72DAD200B925500CBDB34 /* LaunchScreen.storyboard */; };
		B3D72DB8200B92E700CBDB34 /* extensions in Resources */ = {isa = PBXBuildFile; fileRef = B3D72DB6200B92E700CBDB34 /* extensions */; };
		B3D72DB9200B92E700CBDB34 /* FloatingButton in Resources */ = {isa = PBXBuildFile; fileRef = B3D72DB7200B92E700CBDB34 /* FloatingButton */; };
		B3D72DBE200B92F100CBDB34 /* parse-library-1.8.2 in Resources */ = {isa = PBXBuildFile; fileRef = B3D72DBA200B92F000CBDB34 /* parse-library-1.8.2 */; };
		B3D72DBF200B92F100CBDB34 /* Spring in Resources */ = {isa = PBXBuildFile; fileRef = B3D72DBB200B92F000CBDB34 /* Spring */; };
		B3D72DC0200B92F100CBDB34 /* ダミーデータ in Resources */ = {isa = PBXBuildFile; fileRef = B3D72DBC200B92F100CBDB34 /* ダミーデータ */; };
		B3D72DC1200B92F100CBDB34 /* imagepickersheet in Resources */ = {isa = PBXBuildFile; fileRef = B3D72DBD200B92F100CBDB34 /* imagepickersheet */; };
		B3D72DC4200B968B00CBDB34 /* PostTableViewCell.swift in Sources */ = {isa = PBXBuildFile; fileRef = B3D72DC2200B968B00CBDB34 /* PostTableViewCell.swift */; };
		B3D72DC5200B968B00CBDB34 /* PostTableViewCell.xib in Resources */ = {isa = PBXBuildFile; fileRef = B3D72DC3200B968B00CBDB34 /* PostTableViewCell.xib */; };
/* End PBXBuildFile section */

/* Begin PBXFileReference section */
		B3D72DA1200B925500CBDB34 /* Instagram.app */ = {isa = PBXFileReference; explicitFileType = wrapper.application; includeInIndex = 0; path = Instagram.app; sourceTree = BUILT_PRODUCTS_DIR; };
		B3D72DA4200B925500CBDB34 /* AppDelegate.swift */ = {isa = PBXFileReference; lastKnownFileType = sourcecode.swift; path = AppDelegate.swift; sourceTree = "<group>"; };
		B3D72DA6200B925500CBDB34 /* ViewController.swift */ = {isa = PBXFileReference; lastKnownFileType = sourcecode.swift; path = ViewController.swift; sourceTree = "<group>"; };
		B3D72DA9200B925500CBDB34 /* Base */ = {isa = PBXFileReference; lastKnownFileType = file.storyboard; name = Base; path = Base.lproj/Main.storyboard; sourceTree = "<group>"; };
		B3D72DAB200B925500CBDB34 /* Assets.xcassets */ = {isa = PBXFileReference; lastKnownFileType = folder.assetcatalog; path = Assets.xcassets; sourceTree = "<group>"; };
		B3D72DAE200B925500CBDB34 /* Base */ = {isa = PBXFileReference; lastKnownFileType = file.storyboard; name = Base; path = Base.lproj/LaunchScreen.storyboard; sourceTree = "<group>"; };
		B3D72DB0200B925500CBDB34 /* Info.plist */ = {isa = PBXFileReference; lastKnownFileType = text.plist.xml; path = Info.plist; sourceTree = "<group>"; };
		B3D72DB6200B92E700CBDB34 /* extensions */ = {isa = PBXFileReference; lastKnownFileType = folder; path = extensions; sourceTree = "<group>"; };
		B3D72DB7200B92E700CBDB34 /* FloatingButton */ = {isa = PBXFileReference; lastKnownFileType = folder; path = FloatingButton; sourceTree = "<group>"; };
		B3D72DBA200B92F000CBDB34 /* parse-library-1.8.2 */ = {isa = PBXFileReference; lastKnownFileType = folder; path = "parse-library-1.8.2"; sourceTree = "<group>"; };
		B3D72DBB200B92F000CBDB34 /* Spring */ = {isa = PBXFileReference; lastKnownFileType = folder; path = Spring; sourceTree = "<group>"; };
		B3D72DBC200B92F100CBDB34 /* ダミーデータ */ = {isa = PBXFileReference; lastKnownFileType = folder; path = "ダミーデータ"; sourceTree = "<group>"; };
		B3D72DBD200B92F100CBDB34 /* imagepickersheet */ = {isa = PBXFileReference; lastKnownFileType = folder; path = imagepickersheet; sourceTree = "<group>"; };
		B3D72DC2200B968B00CBDB34 /* PostTableViewCell.swift */ = {isa = PBXFileReference; lastKnownFileType = sourcecode.swift; path = PostTableViewCell.swift; sourceTree = "<group>"; };
		B3D72DC3200B968B00CBDB34 /* PostTableViewCell.xib */ = {isa = PBXFileReference; lastKnownFileType = file.xib; path = PostTableViewCell.xib; sourceTree = "<group>"; };
/* End PBXFileReference section */

/* Begin PBXFrameworksBuildPhase section */
		B3D72D9E200B925500CBDB34 /* Frameworks */ = {
			isa = PBXFrameworksBuildPhase;
			buildActionMask = 2147483647;
			files = (
			);
			runOnlyForDeploymentPostprocessing = 0;
		};
/* End PBXFrameworksBuildPhase section */

/* Begin PBXGroup section */
		B3D72D98200B925500CBDB34 = {
			isa = PBXGroup;
			children = (
				B3D72DA3200B925500CBDB34 /* Instagram */,
				B3D72DA2200B925500CBDB34 /* Products */,
			);
			sourceTree = "<group>";
		};
		B3D72DA2200B925500CBDB34 /* Products */ = {
			isa = PBXGroup;
			children = (
				B3D72DA1200B925500CBDB34 /* Instagram.app */,
			);
			name = Products;
			sourceTree = "<group>";
		};
		B3D72DA3200B925500CBDB34 /* Instagram */ = {
			isa = PBXGroup;
			children = (
				B3D72DA4200B925500CBDB34 /* AppDelegate.swift */,
				B3D72DC6200B96A700CBDB34 /* Post Screen */,
				B3D72DA8200B925500CBDB34 /* Main.storyboard */,
				B3D72DAB200B925500CBDB34 /* Assets.xcassets */,
				B3D72DAD200B925500CBDB34 /* LaunchScreen.storyboard */,
				B3D72DBD200B92F100CBDB34 /* imagepickersheet */,
				B3D72DBA200B92F000CBDB34 /* parse-library-1.8.2 */,
				B3D72DBB200B92F000CBDB34 /* Spring */,
				B3D72DBC200B92F100CBDB34 /* ダミーデータ */,
				B3D72DB6200B92E700CBDB34 /* extensions */,
				B3D72DB7200B92E700CBDB34 /* FloatingButton */,
				B3D72DB0200B925500CBDB34 /* Info.plist */,
			);
			path = Instagram;
			sourceTree = "<group>";
		};
		B3D72DC6200B96A700CBDB34 /* Post Screen */ = {
			isa = PBXGroup;
			children = (
				B3D72DA6200B925500CBDB34 /* ViewController.swift */,
				B3D72DC2200B968B00CBDB34 /* PostTableViewCell.swift */,
				B3D72DC3200B968B00CBDB34 /* PostTableViewCell.xib */,
			);
			path = "Post Screen";
			sourceTree = "<group>";
		};
/* End PBXGroup section */

/* Begin PBXNativeTarget section */
		B3D72DA0200B925500CBDB34 /* Instagram */ = {
			isa = PBXNativeTarget;
			buildConfigurationList = B3D72DB3200B925500CBDB34 /* Build configuration list for PBXNativeTarget "Instagram" */;
			buildPhases = (
				B3D72D9D200B925500CBDB34 /* Sources */,
				B3D72D9E200B925500CBDB34 /* Frameworks */,
				B3D72D9F200B925500CBDB34 /* Resources */,
			);
			buildRules = (
			);
			dependencies = (
			);
			name = Instagram;
			productName = Instagram;
			productReference = B3D72DA1200B925500CBDB34 /* Instagram.app */;
			productType = "com.apple.product-type.application";
		};
/* End PBXNativeTarget section */

/* Begin PBXProject section */
		B3D72D99200B925500CBDB34 /* Project object */ = {
			isa = PBXProject;
			attributes = {
				LastSwiftUpdateCheck = 0920;
				LastUpgradeCheck = 0920;
				ORGANIZATIONNAME = "Kazuki Maeda";
				TargetAttributes = {
					B3D72DA0200B925500CBDB34 = {
						CreatedOnToolsVersion = 9.2;
						ProvisioningStyle = Automatic;
					};
				};
			};
			buildConfigurationList = B3D72D9C200B925500CBDB34 /* Build configuration list for PBXProject "Instagram" */;
			compatibilityVersion = "Xcode 8.0";
			developmentRegion = en;
			hasScannedForEncodings = 0;
			knownRegions = (
				en,
				Base,
			);
			mainGroup = B3D72D98200B925500CBDB34;
			productRefGroup = B3D72DA2200B925500CBDB34 /* Products */;
			projectDirPath = "";
			projectRoot = "";
			targets = (
				B3D72DA0200B925500CBDB34 /* Instagram */,
			);
		};
/* End PBXProject section */

/* Begin PBXResourcesBuildPhase section */
		B3D72D9F200B925500CBDB34 /* Resources */ = {
			isa = PBXResourcesBuildPhase;
			buildActionMask = 2147483647;
			files = (
				B3D72DAF200B925500CBDB34 /* LaunchScreen.storyboard in Resources */,
				B3D72DC5200B968B00CBDB34 /* PostTableViewCell.xib in Resources */,
				B3D72DAC200B925500CBDB34 /* Assets.xcassets in Resources */,
				B3D72DB8200B92E700CBDB34 /* extensions in Resources */,
				B3D72DBF200B92F100CBDB34 /* Spring in Resources */,
				B3D72DB9200B92E700CBDB34 /* FloatingButton in Resources */,
				B3D72DC1200B92F100CBDB34 /* imagepickersheet in Resources */,
				B3D72DC0200B92F100CBDB34 /* ダミーデータ in Resources */,
				B3D72DBE200B92F100CBDB34 /* parse-library-1.8.2 in Resources */,
				B3D72DAA200B925500CBDB34 /* Main.storyboard in Resources */,
			);
			runOnlyForDeploymentPostprocessing = 0;
		};
/* End PBXResourcesBuildPhase section */

/* Begin PBXSourcesBuildPhase section */
		B3D72D9D200B925500CBDB34 /* Sources */ = {
			isa = PBXSourcesBuildPhase;
			buildActionMask = 2147483647;
			files = (
				B3D72DA7200B925500CBDB34 /* ViewController.swift in Sources */,
				B3D72DA5200B925500CBDB34 /* AppDelegate.swift in Sources */,
				B3D72DC4200B968B00CBDB34 /* PostTableViewCell.swift in Sources */,
			);
			runOnlyForDeploymentPostprocessing = 0;
		};
/* End PBXSourcesBuildPhase section */

/* Begin PBXVariantGroup section */
		B3D72DA8200B925500CBDB34 /* Main.storyboard */ = {
			isa = PBXVariantGroup;
			children = (
				B3D72DA9200B925500CBDB34 /* Base */,
			);
			name = Main.storyboard;
			sourceTree = "<group>";
		};
		B3D72DAD200B925500CBDB34 /* LaunchScreen.storyboard */ = {
			isa = PBXVariantGroup;
			children = (
				B3D72DAE200B925500CBDB34 /* Base */,
			);
			name = LaunchScreen.storyboard;
			sourceTree = "<group>";
		};
/* End PBXVariantGroup section */

/* Begin XCBuildConfiguration section */
		B3D72DB1200B925500CBDB34 /* Debug */ = {
			isa = XCBuildConfiguration;
			buildSettings = {
				ALWAYS_SEARCH_USER_PATHS = NO;
				CLANG_ANALYZER_NONNULL = YES;
				CLANG_ANALYZER_NUMBER_OBJECT_CONVERSION = YES_AGGRESSIVE;
				CLANG_CXX_LANGUAGE_STANDARD = "gnu++14";
				CLANG_CXX_LIBRARY = "libc++";
				CLANG_ENABLE_MODULES = YES;
				CLANG_ENABLE_OBJC_ARC = YES;
				CLANG_WARN_BLOCK_CAPTURE_AUTORELEASING = YES;
				CLANG_WARN_BOOL_CONVERSION = YES;
				CLANG_WARN_COMMA = YES;
				CLANG_WARN_CONSTANT_CONVERSION = YES;
				CLANG_WARN_DIRECT_OBJC_ISA_USAGE = YES_ERROR;
				CLANG_WARN_DOCUMENTATION_COMMENTS = YES;
				CLANG_WARN_EMPTY_BODY = YES;
				CLANG_WARN_ENUM_CONVERSION = YES;
				CLANG_WARN_INFINITE_RECURSION = YES;
				CLANG_WARN_INT_CONVERSION = YES;
				CLANG_WARN_NON_LITERAL_NULL_CONVERSION = YES;
				CLANG_WARN_OBJC_LITERAL_CONVERSION = YES;
				CLANG_WARN_OBJC_ROOT_CLASS = YES_ERROR;
				CLANG_WARN_RANGE_LOOP_ANALYSIS = YES;
				CLANG_WARN_STRICT_PROTOTYPES = YES;
				CLANG_WARN_SUSPICIOUS_MOVE = YES;
				CLANG_WARN_UNGUARDED_AVAILABILITY = YES_AGGRESSIVE;
				CLANG_WARN_UNREACHABLE_CODE = YES;
				CLANG_WARN__DUPLICATE_METHOD_MATCH = YES;
				CODE_SIGN_IDENTITY = "iPhone Developer";
				COPY_PHASE_STRIP = NO;
				DEBUG_INFORMATION_FORMAT = dwarf;
				ENABLE_STRICT_OBJC_MSGSEND = YES;
				ENABLE_TESTABILITY = YES;
				GCC_C_LANGUAGE_STANDARD = gnu11;
				GCC_DYNAMIC_NO_PIC = NO;
				GCC_NO_COMMON_BLOCKS = YES;
				GCC_OPTIMIZATION_LEVEL = 0;
				GCC_PREPROCESSOR_DEFINITIONS = (
					"DEBUG=1",
					"$(inherited)",
				);
				GCC_WARN_64_TO_32_BIT_CONVERSION = YES;
				GCC_WARN_ABOUT_RETURN_TYPE = YES_ERROR;
				GCC_WARN_UNDECLARED_SELECTOR = YES;
				GCC_WARN_UNINITIALIZED_AUTOS = YES_AGGRESSIVE;
				GCC_WARN_UNUSED_FUNCTION = YES;
				GCC_WARN_UNUSED_VARIABLE = YES;
				IPHONEOS_DEPLOYMENT_TARGET = 11.2;
				MTL_ENABLE_DEBUG_INFO = YES;
				ONLY_ACTIVE_ARCH = YES;
				SDKROOT = iphoneos;
				SWIFT_ACTIVE_COMPILATION_CONDITIONS = DEBUG;
				SWIFT_OPTIMIZATION_LEVEL = "-Onone";
			};
			name = Debug;
		};
		B3D72DB2200B925500CBDB34 /* Release */ = {
			isa = XCBuildConfiguration;
			buildSettings = {
				ALWAYS_SEARCH_USER_PATHS = NO;
				CLANG_ANALYZER_NONNULL = YES;
				CLANG_ANALYZER_NUMBER_OBJECT_CONVERSION = YES_AGGRESSIVE;
				CLANG_CXX_LANGUAGE_STANDARD = "gnu++14";
				CLANG_CXX_LIBRARY = "libc++";
				CLANG_ENABLE_MODULES = YES;
				CLANG_ENABLE_OBJC_ARC = YES;
				CLANG_WARN_BLOCK_CAPTURE_AUTORELEASING = YES;
				CLANG_WARN_BOOL_CONVERSION = YES;
				CLANG_WARN_COMMA = YES;
				CLANG_WARN_CONSTANT_CONVERSION = YES;
				CLANG_WARN_DIRECT_OBJC_ISA_USAGE = YES_ERROR;
				CLANG_WARN_DOCUMENTATION_COMMENTS = YES;
				CLANG_WARN_EMPTY_BODY = YES;
				CLANG_WARN_ENUM_CONVERSION = YES;
				CLANG_WARN_INFINITE_RECURSION = YES;
				CLANG_WARN_INT_CONVERSION = YES;
				CLANG_WARN_NON_LITERAL_NULL_CONVERSION = YES;
				CLANG_WARN_OBJC_LITERAL_CONVERSION = YES;
				CLANG_WARN_OBJC_ROOT_CLASS = YES_ERROR;
				CLANG_WARN_RANGE_LOOP_ANALYSIS = YES;
				CLANG_WARN_STRICT_PROTOTYPES = YES;
				CLANG_WARN_SUSPICIOUS_MOVE = YES;
				CLANG_WARN_UNGUARDED_AVAILABILITY = YES_AGGRESSIVE;
				CLANG_WARN_UNREACHABLE_CODE = YES;
				CLANG_WARN__DUPLICATE_METHOD_MATCH = YES;
				CODE_SIGN_IDENTITY = "iPhone Developer";
				COPY_PHASE_STRIP = NO;
				DEBUG_INFORMATION_FORMAT = "dwarf-with-dsym";
				ENABLE_NS_ASSERTIONS = NO;
				ENABLE_STRICT_OBJC_MSGSEND = YES;
				GCC_C_LANGUAGE_STANDARD = gnu11;
				GCC_NO_COMMON_BLOCKS = YES;
				GCC_WARN_64_TO_32_BIT_CONVERSION = YES;
				GCC_WARN_ABOUT_RETURN_TYPE = YES_ERROR;
				GCC_WARN_UNDECLARED_SELECTOR = YES;
				GCC_WARN_UNINITIALIZED_AUTOS = YES_AGGRESSIVE;
				GCC_WARN_UNUSED_FUNCTION = YES;
				GCC_WARN_UNUSED_VARIABLE = YES;
				IPHONEOS_DEPLOYMENT_TARGET = 11.2;
				MTL_ENABLE_DEBUG_INFO = NO;
				SDKROOT = iphoneos;
				SWIFT_OPTIMIZATION_LEVEL = "-Owholemodule";
				VALIDATE_PRODUCT = YES;
			};
			name = Release;
		};
		B3D72DB4200B925500CBDB34 /* Debug */ = {
			isa = XCBuildConfiguration;
			buildSettings = {
				ASSETCATALOG_COMPILER_APPICON_NAME = AppIcon;
				CODE_SIGN_STYLE = Automatic;
				DEVELOPMENT_TEAM = JCMX926LA5;
				INFOPLIST_FILE = Instagram/Info.plist;
				LD_RUNPATH_SEARCH_PATHS = "$(inherited) @executable_path/Frameworks";
				PRODUCT_BUNDLE_IDENTIFIER = "com.kzk-maeda.Instagram";
				PRODUCT_NAME = "$(TARGET_NAME)";
				SWIFT_VERSION = 4.0;
				TARGETED_DEVICE_FAMILY = "1,2";
			};
			name = Debug;
		};
		B3D72DB5200B925500CBDB34 /* Release */ = {
			isa = XCBuildConfiguration;
			buildSettings = {
				ASSETCATALOG_COMPILER_APPICON_NAME = AppIcon;
				CODE_SIGN_STYLE = Automatic;
				DEVELOPMENT_TEAM = JCMX926LA5;
				INFOPLIST_FILE = Instagram/Info.plist;
				LD_RUNPATH_SEARCH_PATHS = "$(inherited) @executable_path/Frameworks";
				PRODUCT_BUNDLE_IDENTIFIER = "com.kzk-maeda.Instagram";
				PRODUCT_NAME = "$(TARGET_NAME)";
				SWIFT_VERSION = 4.0;
				TARGETED_DEVICE_FAMILY = "1,2";
			};
			name = Release;
		};
/* End XCBuildConfiguration section */

/* Begin XCConfigurationList section */
		B3D72D9C200B925500CBDB34 /* Build configuration list for PBXProject "Instagram" */ = {
			isa = XCConfigurationList;
			buildConfigurations = (
				B3D72DB1200B925500CBDB34 /* Debug */,
				B3D72DB2200B925500CBDB34 /* Release */,
			);
			defaultConfigurationIsVisible = 0;
			defaultConfigurationName = Release;
		};
		B3D72DB3200B925500CBDB34 /* Build configuration list for PBXNativeTarget "Instagram" */ = {
			isa = XCConfigurationList;
			buildConfigurations = (
				B3D72DB4200B925500CBDB34 /* Debug */,
				B3D72DB5200B925500CBDB34 /* Release */,
			);
			defaultConfigurationIsVisible = 0;
			defaultConfigurationName = Release;
		};
/* End XCConfigurationList section */
	};
	rootObject = B3D72D99200B925500CBDB34 /* Project object */;
}
